
Microsoft Visual Studio Solution File, Format Version 12.00
# Visual Studio Version 17
VisualStudioVersion = 17.8.34330.188
MinimumVisualStudioVersion = 10.0.40219.1
Project("{FAE04EC0-301F-11D3-BF4B-00C04F79EFBC}") = "Prog122_S24_Lecturenotes3", "Prog122_S24_Lecturenotes3.csproj", "{6FF64B80-A6E4-41E3-9727-92363F815394}"
EndProject
Global
	GlobalSection(SolutionConfigurationPlatforms) = preSolution
		Debug|Any CPU = Debug|Any CPU
		Release|Any CPU = Release|Any CPU
	EndGlobalSection
	GlobalSection(ProjectConfigurationPlatforms) = postSolution
		{6FF64B80-A6E4-41E3-9727-92363F815394}.Debug|Any CPU.ActiveCfg = Debug|Any CPU
		{6FF64B80-A6E4-41E3-9727-92363F815394}.Debug|Any CPU.Build.0 = Debug|Any CPU
		{6FF64B80-A6E4-41E3-9727-92363F815394}.Release|Any CPU.ActiveCfg = Release|Any CPU
		{6FF64B80-A6E4-41E3-9727-92363F815394}.Release|Any CPU.Build.0 = Release|Any CPU
	EndGlobalSection
	GlobalSection(SolutionProperties) = preSolution
		HideSolutionNode = FALSE
	EndGlobalSection
	GlobalSection(ExtensibilityGlobals) = postSolution
		SolutionGuid = {BC3E1110-75D7-4459-B0A4-CD4BABF6F02E}
	EndGlobalSection
EndGlobal
